
Microsoft Visual Studio Solution File, Format Version 12.00
# Visual Studio Version 17
VisualStudioVersion = 17.0.31912.275
MinimumVisualStudioVersion = 10.0.40219.1
Project("{FAE04EC0-301F-11D3-BF4B-00C04F79EFBC}") = "iCabinet", "iCabinet\iCabinet.csproj", "{FDFC9DD2-AD73-4D48-9291-320CCA422F3B}"
EndProject
Project("{FAE04EC0-301F-11D3-BF4B-00C04F79EFBC}") = "iCabinet.Core", "iCabinet.Core\iCabinet.Core.csproj", "{064D7AA6-4E2A-4B70-B5C1-6CE65192203E}"
EndProject
Global
	GlobalSection(SolutionConfigurationPlatforms) = preSolution
		Debug|Any CPU = Debug|Any CPU
		Release|Any CPU = Release|Any CPU
	EndGlobalSection
	GlobalSection(ProjectConfigurationPlatforms) = postSolution
		{FDFC9DD2-AD73-4D48-9291-320CCA422F3B}.Debug|Any CPU.ActiveCfg = Debug|Any CPU
		{FDFC9DD2-AD73-4D48-9291-320CCA422F3B}.Debug|Any CPU.Build.0 = Debug|Any CPU
		{FDFC9DD2-AD73-4D48-9291-320CCA422F3B}.Release|Any CPU.ActiveCfg = Release|Any CPU
		{FDFC9DD2-AD73-4D48-9291-320CCA422F3B}.Release|Any CPU.Build.0 = Release|Any CPU
		{064D7AA6-4E2A-4B70-B5C1-6CE65192203E}.Debug|Any CPU.ActiveCfg = Debug|Any CPU
		{064D7AA6-4E2A-4B70-B5C1-6CE65192203E}.Debug|Any CPU.Build.0 = Debug|Any CPU
		{064D7AA6-4E2A-4B70-B5C1-6CE65192203E}.Release|Any CPU.ActiveCfg = Release|Any CPU
		{064D7AA6-4E2A-4B70-B5C1-6CE65192203E}.Release|Any CPU.Build.0 = Release|Any CPU
	EndGlobalSection
	GlobalSection(SolutionProperties) = preSolution
		HideSolutionNode = FALSE
	EndGlobalSection
	GlobalSection(ExtensibilityGlobals) = postSolution
		SolutionGuid = {7F3DDAF2-3F94-4BE4-AC32-591A956736A5}
	EndGlobalSection
EndGlobal
